
Microsoft Visual Studio Solution File, Format Version 12.00
# Visual Studio Version 16
VisualStudioVersion = 16.0.28803.156
MinimumVisualStudioVersion = 10.0.40219.1
Project("{FAE04EC0-301F-11D3-BF4B-00C04F79EFBC}") = "Delegate And Events", "Delegate And Events\Delegate And Events.csproj", "{27B66D38-6D3D-46CF-A2D1-45C7971678DB}"
EndProject
Global
	GlobalSection(SolutionConfigurationPlatforms) = preSolution
		Debug|Any CPU = Debug|Any CPU
		Release|Any CPU = Release|Any CPU
	EndGlobalSection
	GlobalSection(ProjectConfigurationPlatforms) = postSolution
		{27B66D38-6D3D-46CF-A2D1-45C7971678DB}.Debug|Any CPU.ActiveCfg = Debug|Any CPU
		{27B66D38-6D3D-46CF-A2D1-45C7971678DB}.Debug|Any CPU.Build.0 = Debug|Any CPU
		{27B66D38-6D3D-46CF-A2D1-45C7971678DB}.Release|Any CPU.ActiveCfg = Release|Any CPU
		{27B66D38-6D3D-46CF-A2D1-45C7971678DB}.Release|Any CPU.Build.0 = Release|Any CPU
	EndGlobalSection
	GlobalSection(SolutionProperties) = preSolution
		HideSolutionNode = FALSE
	EndGlobalSection
	GlobalSection(ExtensibilityGlobals) = postSolution
		SolutionGuid = {3AAA07B3-AFBB-4E8C-8F9B-2B105F9BE1B4}
	EndGlobalSection
EndGlobal
